<?xml version="1.0" encoding="utf-8"?>
<Project ToolsVersion="4.0" xmlns="http://schemas.microsoft.com/developer/msbuild/2003">
  <ItemGroup>
    <Filter Include="dmg">
      <UniqueIdentifier>{2d998422-9f7e-4fe2-96fb-6ec559036e14}</UniqueIdentifier>
    </Filter>
    <Filter Include="graphics">
      <UniqueIdentifier>{8e2d6151-2849-4eb6-b96a-decf4fd2ac17}</UniqueIdentifier>
    </Filter>
    <Filter Include="math">
      <UniqueIdentifier>{3933d040-656d-46e3-a7aa-a28527bb58b4}</UniqueIdentifier>
    </Filter>
    <Filter Include="audio">
      <UniqueIdentifier>{ebc7bcd0-c4d7-4b0d-98a2-443a85b8aa29}</UniqueIdentifier>
    </Filter>
  </ItemGroup>
  <ItemGroup>
    <ClInclude Include="common.h" />
    <ClInclude Include="damage.h">
      <Filter>dmg</Filter>
    </ClInclude>
    <ClInclude Include="window.h">
      <Filter>graphics</Filter>
    </ClInclude>
    <ClInclude Include="matrix4x4.h">
      <Filter>math</Filter>
    </ClInclude>
    <ClInclude Include="vector.h">
      <Filter>math</Filter>
    </ClInclude>
  </ItemGroup>
  <ItemGroup>
    <ClCompile Include="window.cpp">
      <Filter>graphics</Filter>
    </ClCompile>
    <ClCompile Include="damage.cpp">
      <Filter>dmg</Filter>
    </ClCompile>
    <ClCompile Include="matrix4x4.cpp">
      <Filter>math</Filter>
    </ClCompile>
    <ClCompile Include="vector2.cpp">
      <Filter>math</Filter>
    </ClCompile>
    <ClCompile Include="vector3.cpp">
      <Filter>math</Filter>
    </ClCompile>
  </ItemGroup>
</Project>