<?xml version="1.0" encoding="utf-8"?>
<Project ToolsVersion="4.0" xmlns="http://schemas.microsoft.com/developer/msbuild/2003">
  <ItemGroup>
    <Filter Include="graphics">
      <UniqueIdentifier>{8e2d6151-2849-4eb6-b96a-decf4fd2ac17}</UniqueIdentifier>
    </Filter>
    <Filter Include="math">
      <UniqueIdentifier>{3933d040-656d-46e3-a7aa-a28527bb58b4}</UniqueIdentifier>
    </Filter>
    <Filter Include="audio">
      <UniqueIdentifier>{ebc7bcd0-c4d7-4b0d-98a2-443a85b8aa29}</UniqueIdentifier>
    </Filter>
    <Filter Include="dmg">
      <UniqueIdentifier>{8ddc9632-00aa-49f9-bb89-24931d39145a}</UniqueIdentifier>
    </Filter>
    <Filter Include="shaders">
      <UniqueIdentifier>{03b93702-ac22-4bf4-8588-f267378ffdb8}</UniqueIdentifier>
    </Filter>
    <Filter Include="buffers">
      <UniqueIdentifier>{a88bf5af-e3f5-4646-a46c-0bde016413de}</UniqueIdentifier>
    </Filter>
  </ItemGroup>
  <ItemGroup>
    <ClInclude Include="src\matrix4x4.h">
      <Filter>math</Filter>
    </ClInclude>
    <ClInclude Include="src\shader.h">
      <Filter>graphics</Filter>
    </ClInclude>
    <ClInclude Include="src\vector.h">
      <Filter>math</Filter>
    </ClInclude>
    <ClInclude Include="src\window.h">
      <Filter>graphics</Filter>
    </ClInclude>
    <ClInclude Include="src\buffer.h">
      <Filter>buffers</Filter>
    </ClInclude>
    <ClInclude Include="src\indexbuffer.h">
      <Filter>buffers</Filter>
    </ClInclude>
    <ClInclude Include="src\vertexarray.h">
      <Filter>buffers</Filter>
    </ClInclude>
    <ClInclude Include="src\common.h">
      <Filter>dmg</Filter>
    </ClInclude>
    <ClInclude Include="src\damage.h">
      <Filter>dmg</Filter>
    </ClInclude>
    <ClInclude Include="src\file.h">
      <Filter>dmg</Filter>
    </ClInclude>
  </ItemGroup>
  <ItemGroup>
    <ClCompile Include="src\matrix4x4.cpp">
      <Filter>math</Filter>
    </ClCompile>
    <ClCompile Include="src\shader.cpp">
      <Filter>graphics</Filter>
    </ClCompile>
    <ClCompile Include="src\vector2.cpp">
      <Filter>math</Filter>
    </ClCompile>
    <ClCompile Include="src\vector3.cpp">
      <Filter>math</Filter>
    </ClCompile>
    <ClCompile Include="src\window.cpp">
      <Filter>graphics</Filter>
    </ClCompile>
    <ClCompile Include="src\buffer.cpp">
      <Filter>buffers</Filter>
    </ClCompile>
    <ClCompile Include="src\indexbuffer.cpp">
      <Filter>buffers</Filter>
    </ClCompile>
    <ClCompile Include="src\vertexarray.cpp">
      <Filter>buffers</Filter>
    </ClCompile>
    <ClCompile Include="src\damage.cpp">
      <Filter>dmg</Filter>
    </ClCompile>
    <ClCompile Include="src\file.cpp">
      <Filter>dmg</Filter>
    </ClCompile>
    <ClCompile Include="src\vector4.cpp">
      <Filter>math</Filter>
    </ClCompile>
  </ItemGroup>
  <ItemGroup>
    <None Include="assets\shaders\basic.frag">
      <Filter>shaders</Filter>
    </None>
    <None Include="assets\shaders\basic.vert">
      <Filter>shaders</Filter>
    </None>
  </ItemGroup>
</Project>